
Microsoft Visual Studio Solution File, Format Version 12.00
# Visual Studio Version 16
VisualStudioVersion = 16.0.30611.23
MinimumVisualStudioVersion = 10.0.40219.1
Project("{FAE04EC0-301F-11D3-BF4B-00C04F79EFBC}") = "Yummy", "Yummy.csproj", "{6699F1D3-C3BF-4430-84F4-04F8C1FE6177}"
EndProject
Global
	GlobalSection(SolutionConfigurationPlatforms) = preSolution
		Debug|Any CPU = Debug|Any CPU
		Release|Any CPU = Release|Any CPU
	EndGlobalSection
	GlobalSection(ProjectConfigurationPlatforms) = postSolution
		{6699F1D3-C3BF-4430-84F4-04F8C1FE6177}.Debug|Any CPU.ActiveCfg = Debug|Any CPU
		{6699F1D3-C3BF-4430-84F4-04F8C1FE6177}.Debug|Any CPU.Build.0 = Debug|Any CPU
		{6699F1D3-C3BF-4430-84F4-04F8C1FE6177}.Release|Any CPU.ActiveCfg = Release|Any CPU
		{6699F1D3-C3BF-4430-84F4-04F8C1FE6177}.Release|Any CPU.Build.0 = Release|Any CPU
	EndGlobalSection
	GlobalSection(SolutionProperties) = preSolution
		HideSolutionNode = FALSE
	EndGlobalSection
	GlobalSection(ExtensibilityGlobals) = postSolution
		SolutionGuid = {B92E933C-BB44-4086-BCEB-956C9B9EBD18}
	EndGlobalSection
EndGlobal
